
Microsoft Visual Studio Solution File, Format Version 12.00
# Visual Studio Express 2012 for Windows Desktop
Project("{FAE04EC0-301F-11D3-BF4B-00C04F79EFBC}") = "Poker.Client", "PokerClient\Poker.Client.csproj", "{C9FE3198-0159-47C9-8825-6478CB387E70}"
EndProject
Project("{FAE04EC0-301F-11D3-BF4B-00C04F79EFBC}") = "Poker.Client.Support", "Poker.Client.Support\Poker.Client.Support.csproj", "{7A007CAA-213B-4731-94B8-EAE120804C41}"
EndProject
Project("{FAE04EC0-301F-11D3-BF4B-00C04F79EFBC}") = "Poker.Shared", "Poker.Shared\Poker.Shared.csproj", "{FC88D542-980C-44B7-93B4-DB5E26AFCB85}"
EndProject
Global
	GlobalSection(SolutionConfigurationPlatforms) = preSolution
		Debug|Any CPU = Debug|Any CPU
		Release|Any CPU = Release|Any CPU
	EndGlobalSection
	GlobalSection(ProjectConfigurationPlatforms) = postSolution
		{C9FE3198-0159-47C9-8825-6478CB387E70}.Debug|Any CPU.ActiveCfg = Debug|Any CPU
		{C9FE3198-0159-47C9-8825-6478CB387E70}.Debug|Any CPU.Build.0 = Debug|Any CPU
		{C9FE3198-0159-47C9-8825-6478CB387E70}.Release|Any CPU.ActiveCfg = Release|Any CPU
		{C9FE3198-0159-47C9-8825-6478CB387E70}.Release|Any CPU.Build.0 = Release|Any CPU
		{7A007CAA-213B-4731-94B8-EAE120804C41}.Debug|Any CPU.ActiveCfg = Debug|Any CPU
		{7A007CAA-213B-4731-94B8-EAE120804C41}.Debug|Any CPU.Build.0 = Debug|Any CPU
		{7A007CAA-213B-4731-94B8-EAE120804C41}.Release|Any CPU.ActiveCfg = Release|Any CPU
		{7A007CAA-213B-4731-94B8-EAE120804C41}.Release|Any CPU.Build.0 = Release|Any CPU
		{FC88D542-980C-44B7-93B4-DB5E26AFCB85}.Debug|Any CPU.ActiveCfg = Debug|Any CPU
		{FC88D542-980C-44B7-93B4-DB5E26AFCB85}.Debug|Any CPU.Build.0 = Debug|Any CPU
		{FC88D542-980C-44B7-93B4-DB5E26AFCB85}.Release|Any CPU.ActiveCfg = Release|Any CPU
		{FC88D542-980C-44B7-93B4-DB5E26AFCB85}.Release|Any CPU.Build.0 = Release|Any CPU
	EndGlobalSection
	GlobalSection(SolutionProperties) = preSolution
		HideSolutionNode = FALSE
	EndGlobalSection
EndGlobal
